
Microsoft Visual Studio Solution File, Format Version 12.00
# Visual Studio Version 17
VisualStudioVersion = 17.9.34723.18
MinimumVisualStudioVersion = 10.0.40219.1
Project("{9A19103F-16F7-4668-BE54-9A1E7A4F7556}") = "ViveroEF2024.Entidades", "ViveroEF2024.Entidades\ViveroEF2024.Entidades.csproj", "{8EAC098C-6CF0-4DBA-9EB1-93627922ADD3}"
EndProject
Project("{9A19103F-16F7-4668-BE54-9A1E7A4F7556}") = "ViveroEF2024.Datos", "ViveroEF2024.Datos\ViveroEF2024.Datos.csproj", "{323FF9C6-BB26-482E-A406-9A5C0CFBB654}"
EndProject
Project("{9A19103F-16F7-4668-BE54-9A1E7A4F7556}") = "ViveroEF2024.Servicios", "ViveroEF2024.Servicios\ViveroEF2024.Servicios.csproj", "{A62820F2-CF32-4807-8C61-2617CB8EC3C7}"
EndProject
Project("{9A19103F-16F7-4668-BE54-9A1E7A4F7556}") = "ViveroEF2024.Shared", "ViveroEF2024.Shared\ViveroEF2024.Shared.csproj", "{9489BE18-67B0-4A70-A33F-93D268620F0C}"
EndProject
Project("{9A19103F-16F7-4668-BE54-9A1E7A4F7556}") = "ViveroEF2024.Ioc", "ViveroEF2024.Ioc\ViveroEF2024.Ioc.csproj", "{F2C450C8-4B0B-4AF2-9913-AB447DF42082}"
EndProject
Project("{FAE04EC0-301F-11D3-BF4B-00C04F79EFBC}") = "ViveroEF2024.Web", "ViveroEF2024.Web\ViveroEF2024.Web.csproj", "{A24925A6-B2CA-44C1-BA6E-810D04830120}"
EndProject
Global
	GlobalSection(SolutionConfigurationPlatforms) = preSolution
		Debug|Any CPU = Debug|Any CPU
		Release|Any CPU = Release|Any CPU
	EndGlobalSection
	GlobalSection(ProjectConfigurationPlatforms) = postSolution
		{8EAC098C-6CF0-4DBA-9EB1-93627922ADD3}.Debug|Any CPU.ActiveCfg = Debug|Any CPU
		{8EAC098C-6CF0-4DBA-9EB1-93627922ADD3}.Debug|Any CPU.Build.0 = Debug|Any CPU
		{8EAC098C-6CF0-4DBA-9EB1-93627922ADD3}.Release|Any CPU.ActiveCfg = Release|Any CPU
		{8EAC098C-6CF0-4DBA-9EB1-93627922ADD3}.Release|Any CPU.Build.0 = Release|Any CPU
		{323FF9C6-BB26-482E-A406-9A5C0CFBB654}.Debug|Any CPU.ActiveCfg = Debug|Any CPU
		{323FF9C6-BB26-482E-A406-9A5C0CFBB654}.Debug|Any CPU.Build.0 = Debug|Any CPU
		{323FF9C6-BB26-482E-A406-9A5C0CFBB654}.Release|Any CPU.ActiveCfg = Release|Any CPU
		{323FF9C6-BB26-482E-A406-9A5C0CFBB654}.Release|Any CPU.Build.0 = Release|Any CPU
		{A62820F2-CF32-4807-8C61-2617CB8EC3C7}.Debug|Any CPU.ActiveCfg = Debug|Any CPU
		{A62820F2-CF32-4807-8C61-2617CB8EC3C7}.Debug|Any CPU.Build.0 = Debug|Any CPU
		{A62820F2-CF32-4807-8C61-2617CB8EC3C7}.Release|Any CPU.ActiveCfg = Release|Any CPU
		{A62820F2-CF32-4807-8C61-2617CB8EC3C7}.Release|Any CPU.Build.0 = Release|Any CPU
		{9489BE18-67B0-4A70-A33F-93D268620F0C}.Debug|Any CPU.ActiveCfg = Debug|Any CPU
		{9489BE18-67B0-4A70-A33F-93D268620F0C}.Debug|Any CPU.Build.0 = Debug|Any CPU
		{9489BE18-67B0-4A70-A33F-93D268620F0C}.Release|Any CPU.ActiveCfg = Release|Any CPU
		{9489BE18-67B0-4A70-A33F-93D268620F0C}.Release|Any CPU.Build.0 = Release|Any CPU
		{F2C450C8-4B0B-4AF2-9913-AB447DF42082}.Debug|Any CPU.ActiveCfg = Debug|Any CPU
		{F2C450C8-4B0B-4AF2-9913-AB447DF42082}.Debug|Any CPU.Build.0 = Debug|Any CPU
		{F2C450C8-4B0B-4AF2-9913-AB447DF42082}.Release|Any CPU.ActiveCfg = Release|Any CPU
		{F2C450C8-4B0B-4AF2-9913-AB447DF42082}.Release|Any CPU.Build.0 = Release|Any CPU
		{A24925A6-B2CA-44C1-BA6E-810D04830120}.Debug|Any CPU.ActiveCfg = Debug|Any CPU
		{A24925A6-B2CA-44C1-BA6E-810D04830120}.Debug|Any CPU.Build.0 = Debug|Any CPU
		{A24925A6-B2CA-44C1-BA6E-810D04830120}.Release|Any CPU.ActiveCfg = Release|Any CPU
		{A24925A6-B2CA-44C1-BA6E-810D04830120}.Release|Any CPU.Build.0 = Release|Any CPU
	EndGlobalSection
	GlobalSection(SolutionProperties) = preSolution
		HideSolutionNode = FALSE
	EndGlobalSection
	GlobalSection(ExtensibilityGlobals) = postSolution
		SolutionGuid = {0E7C322E-C38F-4DF4-BF6F-384BEB8679DC}
	EndGlobalSection
EndGlobal
